
Microsoft Visual Studio Solution File, Format Version 12.00
# Visual Studio Version 17
VisualStudioVersion = 17.11.35005.142
MinimumVisualStudioVersion = 10.0.40219.1
Project("{FAE04EC0-301F-11D3-BF4B-00C04F79EFBC}") = "Du_An_One", "Du_An_One\Du_An_One.csproj", "{48160FA3-1C9E-40A7-B75C-DC8BA6F5D3B6}"
EndProject
Global
	GlobalSection(SolutionConfigurationPlatforms) = preSolution
		Debug|Any CPU = Debug|Any CPU
		Release|Any CPU = Release|Any CPU
	EndGlobalSection
	GlobalSection(ProjectConfigurationPlatforms) = postSolution
		{48160FA3-1C9E-40A7-B75C-DC8BA6F5D3B6}.Debug|Any CPU.ActiveCfg = Debug|Any CPU
		{48160FA3-1C9E-40A7-B75C-DC8BA6F5D3B6}.Debug|Any CPU.Build.0 = Debug|Any CPU
		{48160FA3-1C9E-40A7-B75C-DC8BA6F5D3B6}.Release|Any CPU.ActiveCfg = Release|Any CPU
		{48160FA3-1C9E-40A7-B75C-DC8BA6F5D3B6}.Release|Any CPU.Build.0 = Release|Any CPU
	EndGlobalSection
	GlobalSection(SolutionProperties) = preSolution
		HideSolutionNode = FALSE
	EndGlobalSection
	GlobalSection(ExtensibilityGlobals) = postSolution
		SolutionGuid = {89CC9787-9AD4-41D8-93A8-211173E4F80C}
	EndGlobalSection
EndGlobal
